
Microsoft Visual Studio Solution File, Format Version 12.00
# Visual Studio Version 16
VisualStudioVersion = 16.0.30517.126
MinimumVisualStudioVersion = 10.0.40219.1
Project("{9A19103F-16F7-4668-BE54-9A1E7A4F7556}") = "WebApp", "WebApp\WebApp.csproj", "{974EF1F8-E79F-476F-B6B3-D98A9609C76F}"
EndProject
Project("{9A19103F-16F7-4668-BE54-9A1E7A4F7556}") = "FluffyBunny.OAuth2TokenManagment", "FluffyBunny.OAuth2TokenManagment\FluffyBunny.OAuth2TokenManagment.csproj", "{64B09F50-2914-4F46-8AD4-94307FCBAD8C}"
EndProject
Project("{9A19103F-16F7-4668-BE54-9A1E7A4F7556}") = "PublicLibraryServices", "PublicLibraryServices\PublicLibraryServices.csproj", "{DD8CE5CA-CB37-4B52-BFDE-3A02CEFC3B3B}"
EndProject
Project("{2150E333-8FDC-42A3-9474-1A3956D46DE8}") = "Tests", "Tests", "{CC56EB3A-613D-475A-8FAF-5FFE40906950}"
EndProject
Project("{9A19103F-16F7-4668-BE54-9A1E7A4F7556}") = "XUnitTest_WebApp", "XUnitTest_WebApp\XUnitTest_WebApp.csproj", "{652FED50-A5B5-4A0F-A67E-B34F07FC7D11}"
EndProject
Project("{FAE04EC0-301F-11D3-BF4B-00C04F79EFBC}") = "TestServices", "TestServices\TestServices.csproj", "{77A30894-77A2-43EA-9418-BE3439667310}"
EndProject
Global
	GlobalSection(SolutionConfigurationPlatforms) = preSolution
		Debug|Any CPU = Debug|Any CPU
		Release|Any CPU = Release|Any CPU
	EndGlobalSection
	GlobalSection(ProjectConfigurationPlatforms) = postSolution
		{974EF1F8-E79F-476F-B6B3-D98A9609C76F}.Debug|Any CPU.ActiveCfg = Debug|Any CPU
		{974EF1F8-E79F-476F-B6B3-D98A9609C76F}.Debug|Any CPU.Build.0 = Debug|Any CPU
		{974EF1F8-E79F-476F-B6B3-D98A9609C76F}.Release|Any CPU.ActiveCfg = Release|Any CPU
		{974EF1F8-E79F-476F-B6B3-D98A9609C76F}.Release|Any CPU.Build.0 = Release|Any CPU
		{64B09F50-2914-4F46-8AD4-94307FCBAD8C}.Debug|Any CPU.ActiveCfg = Debug|Any CPU
		{64B09F50-2914-4F46-8AD4-94307FCBAD8C}.Debug|Any CPU.Build.0 = Debug|Any CPU
		{64B09F50-2914-4F46-8AD4-94307FCBAD8C}.Release|Any CPU.ActiveCfg = Release|Any CPU
		{64B09F50-2914-4F46-8AD4-94307FCBAD8C}.Release|Any CPU.Build.0 = Release|Any CPU
		{DD8CE5CA-CB37-4B52-BFDE-3A02CEFC3B3B}.Debug|Any CPU.ActiveCfg = Debug|Any CPU
		{DD8CE5CA-CB37-4B52-BFDE-3A02CEFC3B3B}.Debug|Any CPU.Build.0 = Debug|Any CPU
		{DD8CE5CA-CB37-4B52-BFDE-3A02CEFC3B3B}.Release|Any CPU.ActiveCfg = Release|Any CPU
		{DD8CE5CA-CB37-4B52-BFDE-3A02CEFC3B3B}.Release|Any CPU.Build.0 = Release|Any CPU
		{652FED50-A5B5-4A0F-A67E-B34F07FC7D11}.Debug|Any CPU.ActiveCfg = Debug|Any CPU
		{652FED50-A5B5-4A0F-A67E-B34F07FC7D11}.Debug|Any CPU.Build.0 = Debug|Any CPU
		{652FED50-A5B5-4A0F-A67E-B34F07FC7D11}.Release|Any CPU.ActiveCfg = Release|Any CPU
		{652FED50-A5B5-4A0F-A67E-B34F07FC7D11}.Release|Any CPU.Build.0 = Release|Any CPU
		{77A30894-77A2-43EA-9418-BE3439667310}.Debug|Any CPU.ActiveCfg = Debug|Any CPU
		{77A30894-77A2-43EA-9418-BE3439667310}.Debug|Any CPU.Build.0 = Debug|Any CPU
		{77A30894-77A2-43EA-9418-BE3439667310}.Release|Any CPU.ActiveCfg = Release|Any CPU
		{77A30894-77A2-43EA-9418-BE3439667310}.Release|Any CPU.Build.0 = Release|Any CPU
	EndGlobalSection
	GlobalSection(SolutionProperties) = preSolution
		HideSolutionNode = FALSE
	EndGlobalSection
	GlobalSection(NestedProjects) = preSolution
		{652FED50-A5B5-4A0F-A67E-B34F07FC7D11} = {CC56EB3A-613D-475A-8FAF-5FFE40906950}
	EndGlobalSection
	GlobalSection(ExtensibilityGlobals) = postSolution
		SolutionGuid = {4621D9FE-8B8E-406C-99B8-4517F7F08332}
	EndGlobalSection
EndGlobal
